
Microsoft Visual Studio Solution File, Format Version 12.00
# Visual Studio Version 16
VisualStudioVersion = 16.0.29728.190
MinimumVisualStudioVersion = 10.0.40219.1
Project("{FAE04EC0-301F-11D3-BF4B-00C04F79EFBC}") = "Attendance Bot", "Attendance Bot\Attendance Bot.csproj", "{89205850-2228-4688-A467-A44599585527}"
EndProject
Global
	GlobalSection(SolutionConfigurationPlatforms) = preSolution
		Debug|Any CPU = Debug|Any CPU
		Release|Any CPU = Release|Any CPU
	EndGlobalSection
	GlobalSection(ProjectConfigurationPlatforms) = postSolution
		{89205850-2228-4688-A467-A44599585527}.Debug|Any CPU.ActiveCfg = Debug|Any CPU
		{89205850-2228-4688-A467-A44599585527}.Debug|Any CPU.Build.0 = Debug|Any CPU
		{89205850-2228-4688-A467-A44599585527}.Release|Any CPU.ActiveCfg = Release|Any CPU
		{89205850-2228-4688-A467-A44599585527}.Release|Any CPU.Build.0 = Release|Any CPU
	EndGlobalSection
	GlobalSection(SolutionProperties) = preSolution
		HideSolutionNode = FALSE
	EndGlobalSection
	GlobalSection(ExtensibilityGlobals) = postSolution
		SolutionGuid = {40CA43DF-DD4C-472D-B019-AB584DF13792}
	EndGlobalSection
EndGlobal
